
Microsoft Visual Studio Solution File, Format Version 12.00
# Visual Studio Version 17
VisualStudioVersion = 17.1.32210.238
MinimumVisualStudioVersion = 10.0.40219.1
Project("{9A19103F-16F7-4668-BE54-9A1E7A4F7556}") = "SyminUI", "SyminUI\SyminUI.csproj", "{048699D7-DA6D-4DA8-852B-E875F86A1980}"
EndProject
Project("{9A19103F-16F7-4668-BE54-9A1E7A4F7556}") = "SyminViewTest", "SyminViewTest\SyminViewTest.csproj", "{D9005A95-B5F4-4C8E-B70B-4955BF2035A7}"
EndProject
Project("{FAE04EC0-301F-11D3-BF4B-00C04F79EFBC}") = "SyminData", "SyminData\SyminData.csproj", "{1FD02F38-ED06-4A8B-B618-104821A031CD}"
EndProject
Global
	GlobalSection(SolutionConfigurationPlatforms) = preSolution
		Debug|Any CPU = Debug|Any CPU
		Release|Any CPU = Release|Any CPU
	EndGlobalSection
	GlobalSection(ProjectConfigurationPlatforms) = postSolution
		{048699D7-DA6D-4DA8-852B-E875F86A1980}.Debug|Any CPU.ActiveCfg = Debug|Any CPU
		{048699D7-DA6D-4DA8-852B-E875F86A1980}.Debug|Any CPU.Build.0 = Debug|Any CPU
		{048699D7-DA6D-4DA8-852B-E875F86A1980}.Release|Any CPU.ActiveCfg = Release|Any CPU
		{048699D7-DA6D-4DA8-852B-E875F86A1980}.Release|Any CPU.Build.0 = Release|Any CPU
		{D9005A95-B5F4-4C8E-B70B-4955BF2035A7}.Debug|Any CPU.ActiveCfg = Debug|Any CPU
		{D9005A95-B5F4-4C8E-B70B-4955BF2035A7}.Debug|Any CPU.Build.0 = Debug|Any CPU
		{D9005A95-B5F4-4C8E-B70B-4955BF2035A7}.Release|Any CPU.ActiveCfg = Release|Any CPU
		{D9005A95-B5F4-4C8E-B70B-4955BF2035A7}.Release|Any CPU.Build.0 = Release|Any CPU
		{1FD02F38-ED06-4A8B-B618-104821A031CD}.Debug|Any CPU.ActiveCfg = Debug|Any CPU
		{1FD02F38-ED06-4A8B-B618-104821A031CD}.Debug|Any CPU.Build.0 = Debug|Any CPU
		{1FD02F38-ED06-4A8B-B618-104821A031CD}.Release|Any CPU.ActiveCfg = Release|Any CPU
		{1FD02F38-ED06-4A8B-B618-104821A031CD}.Release|Any CPU.Build.0 = Release|Any CPU
	EndGlobalSection
	GlobalSection(SolutionProperties) = preSolution
		HideSolutionNode = FALSE
	EndGlobalSection
	GlobalSection(ExtensibilityGlobals) = postSolution
		SolutionGuid = {D4DA8493-F3B1-4100-BBD5-03D987C3EC7D}
	EndGlobalSection
EndGlobal
